
Microsoft Visual Studio Solution File, Format Version 12.00
# Visual Studio Version 17
VisualStudioVersion = 17.3.32929.385
MinimumVisualStudioVersion = 10.0.40219.1
Project("{FAE04EC0-301F-11D3-BF4B-00C04F79EFBC}") = "ExamControlMissedOne", "ExamControlMissedOne\ExamControlMissedOne.csproj", "{BFA6B5EB-A5D6-420E-97A5-C48A3151E1B5}"
EndProject
Global
	GlobalSection(SolutionConfigurationPlatforms) = preSolution
		Debug|Any CPU = Debug|Any CPU
		Release|Any CPU = Release|Any CPU
	EndGlobalSection
	GlobalSection(ProjectConfigurationPlatforms) = postSolution
		{BFA6B5EB-A5D6-420E-97A5-C48A3151E1B5}.Debug|Any CPU.ActiveCfg = Debug|Any CPU
		{BFA6B5EB-A5D6-420E-97A5-C48A3151E1B5}.Debug|Any CPU.Build.0 = Debug|Any CPU
		{BFA6B5EB-A5D6-420E-97A5-C48A3151E1B5}.Release|Any CPU.ActiveCfg = Release|Any CPU
		{BFA6B5EB-A5D6-420E-97A5-C48A3151E1B5}.Release|Any CPU.Build.0 = Release|Any CPU
	EndGlobalSection
	GlobalSection(SolutionProperties) = preSolution
		HideSolutionNode = FALSE
	EndGlobalSection
	GlobalSection(ExtensibilityGlobals) = postSolution
		SolutionGuid = {0EF3B07B-091A-47BD-B92A-8B98E5807487}
	EndGlobalSection
EndGlobal
