
Microsoft Visual Studio Solution File, Format Version 12.00
# Visual Studio Version 17
VisualStudioVersion = 17.3.32929.385
MinimumVisualStudioVersion = 10.0.40219.1
Project("{9A19103F-16F7-4668-BE54-9A1E7A4F7556}") = "OOP-Course-ThirdDocuments", "OOP - Course Third Documents\OOP-Course-ThirdDocuments.csproj", "{D1CDF6CB-68C9-4C39-B890-8F8B93996185}"
EndProject
Project("{9A19103F-16F7-4668-BE54-9A1E7A4F7556}") = "2ndExerciseW3-OOP", "2ndExercisesW3-OOP\2ndExerciseW3-OOP.csproj", "{771CC0C7-A071-40FA-877E-52C4E15195D2}"
EndProject
Project("{9A19103F-16F7-4668-BE54-9A1E7A4F7556}") = "3rdExerciseW3-OOP", "3rdExerciseW3-OOP\3rdExerciseW3-OOP.csproj", "{BD341C33-444E-4274-ACD6-8F7F487CE4C8}"
EndProject
Project("{FAE04EC0-301F-11D3-BF4B-00C04F79EFBC}") = "4thExerciseW3-OOP", "4thExercise\4thExerciseW3-OOP.csproj", "{7889F1EB-CEFD-45E8-85FB-284605EB7DB3}"
EndProject
Project("{FAE04EC0-301F-11D3-BF4B-00C04F79EFBC}") = "5thExerciseW3-OOP", "5thExerciseW3-OOP\5thExerciseW3-OOP.csproj", "{53C13A98-5002-4D37-BF77-C9FB92930A1B}"
EndProject
Project("{FAE04EC0-301F-11D3-BF4B-00C04F79EFBC}") = "6thExerciseW3-OOP", "6thExerciseW3-OOP\6thExerciseW3-OOP.csproj", "{9F9EEE0A-9D27-47CA-B48C-CC99471C3DAD}"
EndProject
Project("{FAE04EC0-301F-11D3-BF4B-00C04F79EFBC}") = "7thExerciseW3-OOP", "7thExerciseW3-OOP\7thExerciseW3-OOP.csproj", "{50CCC541-133E-4E69-8384-914971C8DBD7}"
EndProject
Project("{FAE04EC0-301F-11D3-BF4B-00C04F79EFBC}") = "8thExerciseW3-OOP", "8thExerciseW3-OOP\8thExerciseW3-OOP.csproj", "{16E239E5-2D1F-4E64-80C0-2E2333A6B9EA}"
EndProject
Project("{FAE04EC0-301F-11D3-BF4B-00C04F79EFBC}") = "9thExerciseW3-OOP", "9thExerciseW3-OOP\9thExerciseW3-OOP.csproj", "{1E8CFC55-3E0F-4C74-8914-D36B932061D6}"
EndProject
Global
	GlobalSection(SolutionConfigurationPlatforms) = preSolution
		Debug|Any CPU = Debug|Any CPU
		Release|Any CPU = Release|Any CPU
	EndGlobalSection
	GlobalSection(ProjectConfigurationPlatforms) = postSolution
		{D1CDF6CB-68C9-4C39-B890-8F8B93996185}.Debug|Any CPU.ActiveCfg = Debug|Any CPU
		{D1CDF6CB-68C9-4C39-B890-8F8B93996185}.Debug|Any CPU.Build.0 = Debug|Any CPU
		{D1CDF6CB-68C9-4C39-B890-8F8B93996185}.Release|Any CPU.ActiveCfg = Release|Any CPU
		{D1CDF6CB-68C9-4C39-B890-8F8B93996185}.Release|Any CPU.Build.0 = Release|Any CPU
		{771CC0C7-A071-40FA-877E-52C4E15195D2}.Debug|Any CPU.ActiveCfg = Debug|Any CPU
		{771CC0C7-A071-40FA-877E-52C4E15195D2}.Debug|Any CPU.Build.0 = Debug|Any CPU
		{771CC0C7-A071-40FA-877E-52C4E15195D2}.Release|Any CPU.ActiveCfg = Release|Any CPU
		{771CC0C7-A071-40FA-877E-52C4E15195D2}.Release|Any CPU.Build.0 = Release|Any CPU
		{BD341C33-444E-4274-ACD6-8F7F487CE4C8}.Debug|Any CPU.ActiveCfg = Debug|Any CPU
		{BD341C33-444E-4274-ACD6-8F7F487CE4C8}.Debug|Any CPU.Build.0 = Debug|Any CPU
		{BD341C33-444E-4274-ACD6-8F7F487CE4C8}.Release|Any CPU.ActiveCfg = Release|Any CPU
		{BD341C33-444E-4274-ACD6-8F7F487CE4C8}.Release|Any CPU.Build.0 = Release|Any CPU
		{7889F1EB-CEFD-45E8-85FB-284605EB7DB3}.Debug|Any CPU.ActiveCfg = Debug|Any CPU
		{7889F1EB-CEFD-45E8-85FB-284605EB7DB3}.Debug|Any CPU.Build.0 = Debug|Any CPU
		{7889F1EB-CEFD-45E8-85FB-284605EB7DB3}.Release|Any CPU.ActiveCfg = Release|Any CPU
		{7889F1EB-CEFD-45E8-85FB-284605EB7DB3}.Release|Any CPU.Build.0 = Release|Any CPU
		{53C13A98-5002-4D37-BF77-C9FB92930A1B}.Debug|Any CPU.ActiveCfg = Debug|Any CPU
		{53C13A98-5002-4D37-BF77-C9FB92930A1B}.Debug|Any CPU.Build.0 = Debug|Any CPU
		{53C13A98-5002-4D37-BF77-C9FB92930A1B}.Release|Any CPU.ActiveCfg = Release|Any CPU
		{53C13A98-5002-4D37-BF77-C9FB92930A1B}.Release|Any CPU.Build.0 = Release|Any CPU
		{9F9EEE0A-9D27-47CA-B48C-CC99471C3DAD}.Debug|Any CPU.ActiveCfg = Debug|Any CPU
		{9F9EEE0A-9D27-47CA-B48C-CC99471C3DAD}.Debug|Any CPU.Build.0 = Debug|Any CPU
		{9F9EEE0A-9D27-47CA-B48C-CC99471C3DAD}.Release|Any CPU.ActiveCfg = Release|Any CPU
		{9F9EEE0A-9D27-47CA-B48C-CC99471C3DAD}.Release|Any CPU.Build.0 = Release|Any CPU
		{50CCC541-133E-4E69-8384-914971C8DBD7}.Debug|Any CPU.ActiveCfg = Debug|Any CPU
		{50CCC541-133E-4E69-8384-914971C8DBD7}.Debug|Any CPU.Build.0 = Debug|Any CPU
		{50CCC541-133E-4E69-8384-914971C8DBD7}.Release|Any CPU.ActiveCfg = Release|Any CPU
		{50CCC541-133E-4E69-8384-914971C8DBD7}.Release|Any CPU.Build.0 = Release|Any CPU
		{16E239E5-2D1F-4E64-80C0-2E2333A6B9EA}.Debug|Any CPU.ActiveCfg = Debug|Any CPU
		{16E239E5-2D1F-4E64-80C0-2E2333A6B9EA}.Debug|Any CPU.Build.0 = Debug|Any CPU
		{16E239E5-2D1F-4E64-80C0-2E2333A6B9EA}.Release|Any CPU.ActiveCfg = Release|Any CPU
		{16E239E5-2D1F-4E64-80C0-2E2333A6B9EA}.Release|Any CPU.Build.0 = Release|Any CPU
		{1E8CFC55-3E0F-4C74-8914-D36B932061D6}.Debug|Any CPU.ActiveCfg = Debug|Any CPU
		{1E8CFC55-3E0F-4C74-8914-D36B932061D6}.Debug|Any CPU.Build.0 = Debug|Any CPU
		{1E8CFC55-3E0F-4C74-8914-D36B932061D6}.Release|Any CPU.ActiveCfg = Release|Any CPU
		{1E8CFC55-3E0F-4C74-8914-D36B932061D6}.Release|Any CPU.Build.0 = Release|Any CPU
	EndGlobalSection
	GlobalSection(SolutionProperties) = preSolution
		HideSolutionNode = FALSE
	EndGlobalSection
	GlobalSection(ExtensibilityGlobals) = postSolution
		SolutionGuid = {964CF5B0-461F-40B4-8EC5-0FEFC26D3891}
	EndGlobalSection
EndGlobal
